
Microsoft Visual Studio Solution File, Format Version 12.00
# Visual Studio Version 17
VisualStudioVersion = 17.0.31903.59
MinimumVisualStudioVersion = 10.0.40219.1
Project("{F2A71F9B-5D33-465A-A702-920D77279786}") = "UUIDv7", "UUIDv7\UUIDv7.fsproj", "{56E53B01-B630-4643-B210-D2FDF008F82F}"
EndProject
Project("{F2A71F9B-5D33-465A-A702-920D77279786}") = "UUIDv7.Tests", "UUIDv7.Tests\UUIDv7.Tests.fsproj", "{3671DE56-B48B-414B-8B86-9B37F85DE01F}"
EndProject
Global
	GlobalSection(SolutionConfigurationPlatforms) = preSolution
		Debug|Any CPU = Debug|Any CPU
		Release|Any CPU = Release|Any CPU
	EndGlobalSection
	GlobalSection(SolutionProperties) = preSolution
		HideSolutionNode = FALSE
	EndGlobalSection
	GlobalSection(ProjectConfigurationPlatforms) = postSolution
		{56E53B01-B630-4643-B210-D2FDF008F82F}.Debug|Any CPU.ActiveCfg = Debug|Any CPU
		{56E53B01-B630-4643-B210-D2FDF008F82F}.Debug|Any CPU.Build.0 = Debug|Any CPU
		{56E53B01-B630-4643-B210-D2FDF008F82F}.Release|Any CPU.ActiveCfg = Release|Any CPU
		{56E53B01-B630-4643-B210-D2FDF008F82F}.Release|Any CPU.Build.0 = Release|Any CPU
		{3671DE56-B48B-414B-8B86-9B37F85DE01F}.Debug|Any CPU.ActiveCfg = Debug|Any CPU
		{3671DE56-B48B-414B-8B86-9B37F85DE01F}.Debug|Any CPU.Build.0 = Debug|Any CPU
		{3671DE56-B48B-414B-8B86-9B37F85DE01F}.Release|Any CPU.ActiveCfg = Release|Any CPU
		{3671DE56-B48B-414B-8B86-9B37F85DE01F}.Release|Any CPU.Build.0 = Release|Any CPU
	EndGlobalSection
EndGlobal
